
Microsoft Visual Studio Solution File, Format Version 12.00
# Visual Studio 15
VisualStudioVersion = 15.0.28307.1000
MinimumVisualStudioVersion = 10.0.40219.1
Project("{FAE04EC0-301F-11D3-BF4B-00C04F79EFBC}") = "ScreenSaverDisabler", "ScreenSaverDisabler\ScreenSaverDisabler.csproj", "{B2382AE5-8EBF-4C30-925E-F4534E292D3D}"
EndProject
Global
	GlobalSection(SolutionConfigurationPlatforms) = preSolution
		Debug|Any CPU = Debug|Any CPU
		Release|Any CPU = Release|Any CPU
	EndGlobalSection
	GlobalSection(ProjectConfigurationPlatforms) = postSolution
		{B2382AE5-8EBF-4C30-925E-F4534E292D3D}.Debug|Any CPU.ActiveCfg = Debug|Any CPU
		{B2382AE5-8EBF-4C30-925E-F4534E292D3D}.Debug|Any CPU.Build.0 = Debug|Any CPU
		{B2382AE5-8EBF-4C30-925E-F4534E292D3D}.Release|Any CPU.ActiveCfg = Release|Any CPU
		{B2382AE5-8EBF-4C30-925E-F4534E292D3D}.Release|Any CPU.Build.0 = Release|Any CPU
	EndGlobalSection
	GlobalSection(SolutionProperties) = preSolution
		HideSolutionNode = FALSE
	EndGlobalSection
	GlobalSection(ExtensibilityGlobals) = postSolution
		SolutionGuid = {3C342EC7-A4EE-4858-9998-1042F2447E34}
	EndGlobalSection
EndGlobal
